
Microsoft Visual Studio Solution File, Format Version 12.00
# Visual Studio Version 16
VisualStudioVersion = 16.0.29009.5
MinimumVisualStudioVersion = 10.0.40219.1
Project("{FAE04EC0-301F-11D3-BF4B-00C04F79EFBC}") = "ContosoHelpdeskChatBot", "ContosoHelpdeskChatBot\ContosoHelpdeskChatBot.csproj", "{DDC70C52-7B76-458D-8812-BFFFE8DF039E}"
EndProject
Global
	GlobalSection(SolutionConfigurationPlatforms) = preSolution
		Debug|Any CPU = Debug|Any CPU
		Release|Any CPU = Release|Any CPU
	EndGlobalSection
	GlobalSection(ProjectConfigurationPlatforms) = postSolution
		{DDC70C52-7B76-458D-8812-BFFFE8DF039E}.Debug|Any CPU.ActiveCfg = Debug|Any CPU
		{DDC70C52-7B76-458D-8812-BFFFE8DF039E}.Debug|Any CPU.Build.0 = Debug|Any CPU
		{DDC70C52-7B76-458D-8812-BFFFE8DF039E}.Release|Any CPU.ActiveCfg = Release|Any CPU
		{DDC70C52-7B76-458D-8812-BFFFE8DF039E}.Release|Any CPU.Build.0 = Release|Any CPU
	EndGlobalSection
	GlobalSection(SolutionProperties) = preSolution
		HideSolutionNode = FALSE
	EndGlobalSection
	GlobalSection(ExtensibilityGlobals) = postSolution
		SolutionGuid = {1DEBC2FE-A070-4649-B0E4-07E0FA2905A6}
	EndGlobalSection
EndGlobal
