
Microsoft Visual Studio Solution File, Format Version 12.00
# Visual Studio Version 16
VisualStudioVersion = 16.0.29509.3
MinimumVisualStudioVersion = 10.0.40219.1
Project("{FAE04EC0-301F-11D3-BF4B-00C04F79EFBC}") = "LinkedindBot", "LinkedindBot\LinkedindBot.csproj", "{6304011D-BF25-42F8-86BE-F0E008ECF262}"
EndProject
Global
	GlobalSection(SolutionConfigurationPlatforms) = preSolution
		Debug|Any CPU = Debug|Any CPU
		Release|Any CPU = Release|Any CPU
	EndGlobalSection
	GlobalSection(ProjectConfigurationPlatforms) = postSolution
		{6304011D-BF25-42F8-86BE-F0E008ECF262}.Debug|Any CPU.ActiveCfg = Debug|Any CPU
		{6304011D-BF25-42F8-86BE-F0E008ECF262}.Debug|Any CPU.Build.0 = Debug|Any CPU
		{6304011D-BF25-42F8-86BE-F0E008ECF262}.Release|Any CPU.ActiveCfg = Release|Any CPU
		{6304011D-BF25-42F8-86BE-F0E008ECF262}.Release|Any CPU.Build.0 = Release|Any CPU
	EndGlobalSection
	GlobalSection(SolutionProperties) = preSolution
		HideSolutionNode = FALSE
	EndGlobalSection
	GlobalSection(ExtensibilityGlobals) = postSolution
		SolutionGuid = {2170A32A-9839-4637-8FDB-612BBC698AEA}
	EndGlobalSection
EndGlobal
